// !$*UTF8*$!
{
	archiveVersion = 1;
	classes = {
	};
	objectVersion = 77;
	objects = {

/* Begin PBXBuildFile section */
		6251ECE92EE19DDF0010D7CA /* FirebaseAI in Frameworks */ = {isa = PBXBuildFile; productRef = 6251ECE82EE19DDF0010D7CA /* FirebaseAI */; };
		6251ECEB2EE19DDF0010D7CA /* FirebaseAILogic in Frameworks */ = {isa = PBXBuildFile; productRef = 6251ECEA2EE19DDF0010D7CA /* FirebaseAILogic */; };
		6251ECED2EE19DDF0010D7CA /* FirebaseAnalytics in Frameworks */ = {isa = PBXBuildFile; productRef = 6251ECEC2EE19DDF0010D7CA /* FirebaseAnalytics */; };
		6251ECEF2EE19DDF0010D7CA /* FirebaseAnalyticsCore in Frameworks */ = {isa = PBXBuildFile; productRef = 6251ECEE2EE19DDF0010D7CA /* FirebaseAnalyticsCore */; };
		6251ECF12EE19DDF0010D7CA /* FirebaseAnalyticsIdentitySupport in Frameworks */ = {isa = PBXBuildFile; productRef = 6251ECF02EE19DDF0010D7CA /* FirebaseAnalyticsIdentitySupport */; };
		6251ECF32EE19DDF0010D7CA /* FirebaseAppCheck in Frameworks */ = {isa = PBXBuildFile; productRef = 6251ECF22EE19DDF0010D7CA /* FirebaseAppCheck */; };
		6251ECF52EE19DDF0010D7CA /* FirebaseAppDistribution-Beta in Frameworks */ = {isa = PBXBuildFile; productRef = 6251ECF42EE19DDF0010D7CA /* FirebaseAppDistribution-Beta */; };
		6251ECF72EE19DDF0010D7CA /* FirebaseAuth in Frameworks */ = {isa = PBXBuildFile; productRef = 6251ECF62EE19DDF0010D7CA /* FirebaseAuth */; };
		6251ECF92EE19DDF0010D7CA /* FirebaseAuthCombine-Community in Frameworks */ = {isa = PBXBuildFile; productRef = 6251ECF82EE19DDF0010D7CA /* FirebaseAuthCombine-Community */; };
		6251ECFB2EE19DDF0010D7CA /* FirebaseCore in Frameworks */ = {isa = PBXBuildFile; productRef = 6251ECFA2EE19DDF0010D7CA /* FirebaseCore */; };
		6251ECFD2EE19DDF0010D7CA /* FirebaseCrashlytics in Frameworks */ = {isa = PBXBuildFile; productRef = 6251ECFC2EE19DDF0010D7CA /* FirebaseCrashlytics */; };
		6251ECFF2EE19DDF0010D7CA /* FirebaseDatabase in Frameworks */ = {isa = PBXBuildFile; productRef = 6251ECFE2EE19DDF0010D7CA /* FirebaseDatabase */; };
		6251ED012EE19DDF0010D7CA /* FirebaseFirestore in Frameworks */ = {isa = PBXBuildFile; productRef = 6251ED002EE19DDF0010D7CA /* FirebaseFirestore */; };
		6251ED032EE19DDF0010D7CA /* FirebaseFirestoreCombine-Community in Frameworks */ = {isa = PBXBuildFile; productRef = 6251ED022EE19DDF0010D7CA /* FirebaseFirestoreCombine-Community */; };
		6251ED052EE19DDF0010D7CA /* FirebaseFunctions in Frameworks */ = {isa = PBXBuildFile; productRef = 6251ED042EE19DDF0010D7CA /* FirebaseFunctions */; };
		6251ED072EE19DDF0010D7CA /* FirebaseFunctionsCombine-Community in Frameworks */ = {isa = PBXBuildFile; productRef = 6251ED062EE19DDF0010D7CA /* FirebaseFunctionsCombine-Community */; };
		6251ED092EE19DDF0010D7CA /* FirebaseInAppMessaging-Beta in Frameworks */ = {isa = PBXBuildFile; productRef = 6251ED082EE19DDF0010D7CA /* FirebaseInAppMessaging-Beta */; };
		6251ED0B2EE19DDF0010D7CA /* FirebaseInstallations in Frameworks */ = {isa = PBXBuildFile; productRef = 6251ED0A2EE19DDF0010D7CA /* FirebaseInstallations */; };
		6251ED0D2EE19DDF0010D7CA /* FirebaseMLModelDownloader in Frameworks */ = {isa = PBXBuildFile; productRef = 6251ED0C2EE19DDF0010D7CA /* FirebaseMLModelDownloader */; };
		6251ED0F2EE19DDF0010D7CA /* FirebaseMessaging in Frameworks */ = {isa = PBXBuildFile; productRef = 6251ED0E2EE19DDF0010D7CA /* FirebaseMessaging */; };
		6251ED112EE19DDF0010D7CA /* FirebasePerformance in Frameworks */ = {isa = PBXBuildFile; productRef = 6251ED102EE19DDF0010D7CA /* FirebasePerformance */; };
		6251ED132EE19DDF0010D7CA /* FirebaseRemoteConfig in Frameworks */ = {isa = PBXBuildFile; productRef = 6251ED122EE19DDF0010D7CA /* FirebaseRemoteConfig */; };
		6251ED152EE19DDF0010D7CA /* FirebaseStorage in Frameworks */ = {isa = PBXBuildFile; productRef = 6251ED142EE19DDF0010D7CA /* FirebaseStorage */; };
		6251ED172EE19DDF0010D7CA /* FirebaseStorageCombine-Community in Frameworks */ = {isa = PBXBuildFile; productRef = 6251ED162EE19DDF0010D7CA /* FirebaseStorageCombine-Community */; };
		6251ED1C2EE19EAD0010D7CA /* GoogleSignIn in Frameworks */ = {isa = PBXBuildFile; productRef = 6251ED1B2EE19EAD0010D7CA /* GoogleSignIn */; };
		6251ED1E2EE19EAD0010D7CA /* GoogleSignInSwift in Frameworks */ = {isa = PBXBuildFile; productRef = 6251ED1D2EE19EAD0010D7CA /* GoogleSignInSwift */; };
/* End PBXBuildFile section */

/* Begin PBXFileReference section */
		628A5E252E8D44BC00B0019E /* StudyHub.app */ = {isa = PBXFileReference; explicitFileType = wrapper.application; includeInIndex = 0; path = StudyHub.app; sourceTree = BUILT_PRODUCTS_DIR; };
/* End PBXFileReference section */

/* Begin PBXFileSystemSynchronizedBuildFileExceptionSet section */
		6251ED202EE1A2C60010D7CA /* Exceptions for "StudyHub" folder in "StudyHub" target */ = {
			isa = PBXFileSystemSynchronizedBuildFileExceptionSet;
			membershipExceptions = (
				Info.plist,
			);
			target = 628A5E242E8D44BC00B0019E /* StudyHub */;
		};
/* End PBXFileSystemSynchronizedBuildFileExceptionSet section */

/* Begin PBXFileSystemSynchronizedRootGroup section */
		628A5E272E8D44BC00B0019E /* StudyHub */ = {
			isa = PBXFileSystemSynchronizedRootGroup;
			exceptions = (
				6251ED202EE1A2C60010D7CA /* Exceptions for "StudyHub" folder in "StudyHub" target */,
			);
			path = StudyHub;
			sourceTree = "<group>";
		};
/* End PBXFileSystemSynchronizedRootGroup section */

/* Begin PBXFrameworksBuildPhase section */
		628A5E222E8D44BC00B0019E /* Frameworks */ = {
			isa = PBXFrameworksBuildPhase;
			buildActionMask = 2147483647;
			files = (
				6251ECF52EE19DDF0010D7CA /* FirebaseAppDistribution-Beta in Frameworks */,
				6251ED012EE19DDF0010D7CA /* FirebaseFirestore in Frameworks */,
				6251ECF92EE19DDF0010D7CA /* FirebaseAuthCombine-Community in Frameworks */,
				6251ED0B2EE19DDF0010D7CA /* FirebaseInstallations in Frameworks */,
				6251ECEB2EE19DDF0010D7CA /* FirebaseAILogic in Frameworks */,
				6251ED1E2EE19EAD0010D7CA /* GoogleSignInSwift in Frameworks */,
				6251ECF12EE19DDF0010D7CA /* FirebaseAnalyticsIdentitySupport in Frameworks */,
				6251ED092EE19DDF0010D7CA /* FirebaseInAppMessaging-Beta in Frameworks */,
				6251ECE92EE19DDF0010D7CA /* FirebaseAI in Frameworks */,
				6251ECFD2EE19DDF0010D7CA /* FirebaseCrashlytics in Frameworks */,
				6251ED072EE19DDF0010D7CA /* FirebaseFunctionsCombine-Community in Frameworks */,
				6251ED172EE19DDF0010D7CA /* FirebaseStorageCombine-Community in Frameworks */,
				6251ECFF2EE19DDF0010D7CA /* FirebaseDatabase in Frameworks */,
				6251ED152EE19DDF0010D7CA /* FirebaseStorage in Frameworks */,
				6251ED132EE19DDF0010D7CA /* FirebaseRemoteConfig in Frameworks */,
				6251ECED2EE19DDF0010D7CA /* FirebaseAnalytics in Frameworks */,
				6251ED1C2EE19EAD0010D7CA /* GoogleSignIn in Frameworks */,
				6251ED0F2EE19DDF0010D7CA /* FirebaseMessaging in Frameworks */,
				6251ED0D2EE19DDF0010D7CA /* FirebaseMLModelDownloader in Frameworks */,
				6251ED112EE19DDF0010D7CA /* FirebasePerformance in Frameworks */,
				6251ECFB2EE19DDF0010D7CA /* FirebaseCore in Frameworks */,
				6251ECF32EE19DDF0010D7CA /* FirebaseAppCheck in Frameworks */,
				6251ECEF2EE19DDF0010D7CA /* FirebaseAnalyticsCore in Frameworks */,
				6251ED052EE19DDF0010D7CA /* FirebaseFunctions in Frameworks */,
				6251ECF72EE19DDF0010D7CA /* FirebaseAuth in Frameworks */,
				6251ED032EE19DDF0010D7CA /* FirebaseFirestoreCombine-Community in Frameworks */,
			);
			runOnlyForDeploymentPostprocessing = 0;
		};
/* End PBXFrameworksBuildPhase section */

/* Begin PBXGroup section */
		628A5E1C2E8D44BC00B0019E = {
			isa = PBXGroup;
			children = (
				628A5E272E8D44BC00B0019E /* StudyHub */,
				628A5E262E8D44BC00B0019E /* Products */,
			);
			sourceTree = "<group>";
		};
		628A5E262E8D44BC00B0019E /* Products */ = {
			isa = PBXGroup;
			children = (
				628A5E252E8D44BC00B0019E /* StudyHub.app */,
			);
			name = Products;
			sourceTree = "<group>";
		};
/* End PBXGroup section */

/* Begin PBXNativeTarget section */
		628A5E242E8D44BC00B0019E /* StudyHub */ = {
			isa = PBXNativeTarget;
			buildConfigurationList = 628A5E382E8D44BE00B0019E /* Build configuration list for PBXNativeTarget "StudyHub" */;
			buildPhases = (
				628A5E212E8D44BC00B0019E /* Sources */,
				628A5E222E8D44BC00B0019E /* Frameworks */,
				628A5E232E8D44BC00B0019E /* Resources */,
			);
			buildRules = (
			);
			dependencies = (
			);
			fileSystemSynchronizedGroups = (
				628A5E272E8D44BC00B0019E /* StudyHub */,
			);
			name = StudyHub;
			packageProductDependencies = (
				6251ECE82EE19DDF0010D7CA /* FirebaseAI */,
				6251ECEA2EE19DDF0010D7CA /* FirebaseAILogic */,
				6251ECEC2EE19DDF0010D7CA /* FirebaseAnalytics */,
				6251ECEE2EE19DDF0010D7CA /* FirebaseAnalyticsCore */,
				6251ECF02EE19DDF0010D7CA /* FirebaseAnalyticsIdentitySupport */,
				6251ECF22EE19DDF0010D7CA /* FirebaseAppCheck */,
				6251ECF42EE19DDF0010D7CA /* FirebaseAppDistribution-Beta */,
				6251ECF62EE19DDF0010D7CA /* FirebaseAuth */,
				6251ECF82EE19DDF0010D7CA /* FirebaseAuthCombine-Community */,
				6251ECFA2EE19DDF0010D7CA /* FirebaseCore */,
				6251ECFC2EE19DDF0010D7CA /* FirebaseCrashlytics */,
				6251ECFE2EE19DDF0010D7CA /* FirebaseDatabase */,
				6251ED002EE19DDF0010D7CA /* FirebaseFirestore */,
				6251ED022EE19DDF0010D7CA /* FirebaseFirestoreCombine-Community */,
				6251ED042EE19DDF0010D7CA /* FirebaseFunctions */,
				6251ED062EE19DDF0010D7CA /* FirebaseFunctionsCombine-Community */,
				6251ED082EE19DDF0010D7CA /* FirebaseInAppMessaging-Beta */,
				6251ED0A2EE19DDF0010D7CA /* FirebaseInstallations */,
				6251ED0C2EE19DDF0010D7CA /* FirebaseMLModelDownloader */,
				6251ED0E2EE19DDF0010D7CA /* FirebaseMessaging */,
				6251ED102EE19DDF0010D7CA /* FirebasePerformance */,
				6251ED122EE19DDF0010D7CA /* FirebaseRemoteConfig */,
				6251ED142EE19DDF0010D7CA /* FirebaseStorage */,
				6251ED162EE19DDF0010D7CA /* FirebaseStorageCombine-Community */,
				6251ED1B2EE19EAD0010D7CA /* GoogleSignIn */,
				6251ED1D2EE19EAD0010D7CA /* GoogleSignInSwift */,
			);
			productName = StudyHub;
			productReference = 628A5E252E8D44BC00B0019E /* StudyHub.app */;
			productType = "com.apple.product-type.application";
		};
/* End PBXNativeTarget section */

/* Begin PBXProject section */
		628A5E1D2E8D44BC00B0019E /* Project object */ = {
			isa = PBXProject;
			attributes = {
				BuildIndependentTargetsInParallel = 1;
				LastSwiftUpdateCheck = 1620;
				LastUpgradeCheck = 1620;
				TargetAttributes = {
					628A5E242E8D44BC00B0019E = {
						CreatedOnToolsVersion = 16.2;
					};
				};
			};
			buildConfigurationList = 628A5E202E8D44BC00B0019E /* Build configuration list for PBXProject "StudyHub" */;
			developmentRegion = en;
			hasScannedForEncodings = 0;
			knownRegions = (
				en,
				Base,
			);
			mainGroup = 628A5E1C2E8D44BC00B0019E;
			minimizedProjectReferenceProxies = 1;
			packageReferences = (
				622FC29B2ECFB06D00933877 /* XCRemoteSwiftPackageReference "firebase-ios-sdk" */,
				6251ED1A2EE19EAD0010D7CA /* XCRemoteSwiftPackageReference "GoogleSignIn-iOS" */,
			);
			preferredProjectObjectVersion = 77;
			productRefGroup = 628A5E262E8D44BC00B0019E /* Products */;
			projectDirPath = "";
			projectRoot = "";
			targets = (
				628A5E242E8D44BC00B0019E /* StudyHub */,
			);
		};
/* End PBXProject section */

/* Begin PBXResourcesBuildPhase section */
		628A5E232E8D44BC00B0019E /* Resources */ = {
			isa = PBXResourcesBuildPhase;
			buildActionMask = 2147483647;
			files = (
			);
			runOnlyForDeploymentPostprocessing = 0;
		};
/* End PBXResourcesBuildPhase section */

/* Begin PBXSourcesBuildPhase section */
		628A5E212E8D44BC00B0019E /* Sources */ = {
			isa = PBXSourcesBuildPhase;
			buildActionMask = 2147483647;
			files = (
			);
			runOnlyForDeploymentPostprocessing = 0;
		};
/* End PBXSourcesBuildPhase section */

/* Begin XCBuildConfiguration section */
		628A5E362E8D44BE00B0019E /* Debug */ = {
			isa = XCBuildConfiguration;
			buildSettings = {
				ALWAYS_SEARCH_USER_PATHS = NO;
				ASSETCATALOG_COMPILER_GENERATE_SWIFT_ASSET_SYMBOL_EXTENSIONS = YES;
				CLANG_ANALYZER_NONNULL = YES;
				CLANG_ANALYZER_NUMBER_OBJECT_CONVERSION = YES_AGGRESSIVE;
				CLANG_CXX_LANGUAGE_STANDARD = "gnu++20";
				CLANG_ENABLE_MODULES = YES;
				CLANG_ENABLE_OBJC_ARC = YES;
				CLANG_ENABLE_OBJC_WEAK = YES;
				CLANG_WARN_BLOCK_CAPTURE_AUTORELEASING = YES;
				CLANG_WARN_BOOL_CONVERSION = YES;
				CLANG_WARN_COMMA = YES;
				CLANG_WARN_CONSTANT_CONVERSION = YES;
				CLANG_WARN_DEPRECATED_OBJC_IMPLEMENTATIONS = YES;
				CLANG_WARN_DIRECT_OBJC_ISA_USAGE = YES_ERROR;
				CLANG_WARN_DOCUMENTATION_COMMENTS = YES;
				CLANG_WARN_EMPTY_BODY = YES;
				CLANG_WARN_ENUM_CONVERSION = YES;
				CLANG_WARN_INFINITE_RECURSION = YES;
				CLANG_WARN_INT_CONVERSION = YES;
				CLANG_WARN_NON_LITERAL_NULL_CONVERSION = YES;
				CLANG_WARN_OBJC_IMPLICIT_RETAIN_SELF = YES;
				CLANG_WARN_OBJC_LITERAL_CONVERSION = YES;
				CLANG_WARN_OBJC_ROOT_CLASS = YES_ERROR;
				CLANG_WARN_QUOTED_INCLUDE_IN_FRAMEWORK_HEADER = YES;
				CLANG_WARN_RANGE_LOOP_ANALYSIS = YES;
				CLANG_WARN_STRICT_PROTOTYPES = YES;
				CLANG_WARN_SUSPICIOUS_MOVE = YES;
				CLANG_WARN_UNGUARDED_AVAILABILITY = YES_AGGRESSIVE;
				CLANG_WARN_UNREACHABLE_CODE = YES;
				CLANG_WARN__DUPLICATE_METHOD_MATCH = YES;
				COPY_PHASE_STRIP = NO;
				DEBUG_INFORMATION_FORMAT = dwarf;
				ENABLE_STRICT_OBJC_MSGSEND = YES;
				ENABLE_TESTABILITY = YES;
				ENABLE_USER_SCRIPT_SANDBOXING = YES;
				GCC_C_LANGUAGE_STANDARD = gnu17;
				GCC_DYNAMIC_NO_PIC = NO;
				GCC_NO_COMMON_BLOCKS = YES;
				GCC_OPTIMIZATION_LEVEL = 0;
				GCC_PREPROCESSOR_DEFINITIONS = (
					"DEBUG=1",
					"$(inherited)",
				);
				GCC_WARN_64_TO_32_BIT_CONVERSION = YES;
				GCC_WARN_ABOUT_RETURN_TYPE = YES_ERROR;
				GCC_WARN_UNDECLARED_SELECTOR = YES;
				GCC_WARN_UNINITIALIZED_AUTOS = YES_AGGRESSIVE;
				GCC_WARN_UNUSED_FUNCTION = YES;
				GCC_WARN_UNUSED_VARIABLE = YES;
				IPHONEOS_DEPLOYMENT_TARGET = 18.2;
				LOCALIZATION_PREFERS_STRING_CATALOGS = YES;
				MTL_ENABLE_DEBUG_INFO = INCLUDE_SOURCE;
				MTL_FAST_MATH = YES;
				ONLY_ACTIVE_ARCH = YES;
				SDKROOT = iphoneos;
				SWIFT_ACTIVE_COMPILATION_CONDITIONS = "DEBUG $(inherited)";
				SWIFT_OPTIMIZATION_LEVEL = "-Onone";
			};
			name = Debug;
		};
		628A5E372E8D44BE00B0019E /* Release */ = {
			isa = XCBuildConfiguration;
			buildSettings = {
				ALWAYS_SEARCH_USER_PATHS = NO;
				ASSETCATALOG_COMPILER_GENERATE_SWIFT_ASSET_SYMBOL_EXTENSIONS = YES;
				CLANG_ANALYZER_NONNULL = YES;
				CLANG_ANALYZER_NUMBER_OBJECT_CONVERSION = YES_AGGRESSIVE;
				CLANG_CXX_LANGUAGE_STANDARD = "gnu++20";
				CLANG_ENABLE_MODULES = YES;
				CLANG_ENABLE_OBJC_ARC = YES;
				CLANG_ENABLE_OBJC_WEAK = YES;
				CLANG_WARN_BLOCK_CAPTURE_AUTORELEASING = YES;
				CLANG_WARN_BOOL_CONVERSION = YES;
				CLANG_WARN_COMMA = YES;
				CLANG_WARN_CONSTANT_CONVERSION = YES;
				CLANG_WARN_DEPRECATED_OBJC_IMPLEMENTATIONS = YES;
				CLANG_WARN_DIRECT_OBJC_ISA_USAGE = YES_ERROR;
				CLANG_WARN_DOCUMENTATION_COMMENTS = YES;
				CLANG_WARN_EMPTY_BODY = YES;
				CLANG_WARN_ENUM_CONVERSION = YES;
				CLANG_WARN_INFINITE_RECURSION = YES;
				CLANG_WARN_INT_CONVERSION = YES;
				CLANG_WARN_NON_LITERAL_NULL_CONVERSION = YES;
				CLANG_WARN_OBJC_IMPLICIT_RETAIN_SELF = YES;
				CLANG_WARN_OBJC_LITERAL_CONVERSION = YES;
				CLANG_WARN_OBJC_ROOT_CLASS = YES_ERROR;
				CLANG_WARN_QUOTED_INCLUDE_IN_FRAMEWORK_HEADER = YES;
				CLANG_WARN_RANGE_LOOP_ANALYSIS = YES;
				CLANG_WARN_STRICT_PROTOTYPES = YES;
				CLANG_WARN_SUSPICIOUS_MOVE = YES;
				CLANG_WARN_UNGUARDED_AVAILABILITY = YES_AGGRESSIVE;
				CLANG_WARN_UNREACHABLE_CODE = YES;
				CLANG_WARN__DUPLICATE_METHOD_MATCH = YES;
				COPY_PHASE_STRIP = NO;
				DEBUG_INFORMATION_FORMAT = "dwarf-with-dsym";
				ENABLE_NS_ASSERTIONS = NO;
				ENABLE_STRICT_OBJC_MSGSEND = YES;
				ENABLE_USER_SCRIPT_SANDBOXING = YES;
				GCC_C_LANGUAGE_STANDARD = gnu17;
				GCC_NO_COMMON_BLOCKS = YES;
				GCC_WARN_64_TO_32_BIT_CONVERSION = YES;
				GCC_WARN_ABOUT_RETURN_TYPE = YES_ERROR;
				GCC_WARN_UNDECLARED_SELECTOR = YES;
				GCC_WARN_UNINITIALIZED_AUTOS = YES_AGGRESSIVE;
				GCC_WARN_UNUSED_FUNCTION = YES;
				GCC_WARN_UNUSED_VARIABLE = YES;
				IPHONEOS_DEPLOYMENT_TARGET = 18.2;
				LOCALIZATION_PREFERS_STRING_CATALOGS = YES;
				MTL_ENABLE_DEBUG_INFO = NO;
				MTL_FAST_MATH = YES;
				SDKROOT = iphoneos;
				SWIFT_COMPILATION_MODE = wholemodule;
				VALIDATE_PRODUCT = YES;
			};
			name = Release;
		};
		628A5E392E8D44BE00B0019E /* Debug */ = {
			isa = XCBuildConfiguration;
			buildSettings = {
				ASSETCATALOG_COMPILER_APPICON_NAME = AppIcon;
				ASSETCATALOG_COMPILER_GLOBAL_ACCENT_COLOR_NAME = AccentColor;
				CODE_SIGN_STYLE = Automatic;
				CURRENT_PROJECT_VERSION = 1;
				DEVELOPMENT_ASSET_PATHS = "\"StudyHub/Preview Content\"";
				DEVELOPMENT_TEAM = B2YY66547G;
				ENABLE_PREVIEWS = YES;
				GENERATE_INFOPLIST_FILE = YES;
				INFOPLIST_FILE = StudyHub/Info.plist;
				INFOPLIST_KEY_LSApplicationCategoryType = "public.app-category.education";
				INFOPLIST_KEY_UIApplicationSceneManifest_Generation = YES;
				INFOPLIST_KEY_UIApplicationSupportsIndirectInputEvents = YES;
				INFOPLIST_KEY_UILaunchScreen_Generation = YES;
				INFOPLIST_KEY_UISupportedInterfaceOrientations_iPad = "UIInterfaceOrientationPortrait UIInterfaceOrientationPortraitUpsideDown UIInterfaceOrientationLandscapeLeft UIInterfaceOrientationLandscapeRight";
				INFOPLIST_KEY_UISupportedInterfaceOrientations_iPhone = "UIInterfaceOrientationPortrait UIInterfaceOrientationLandscapeLeft UIInterfaceOrientationLandscapeRight";
				LD_RUNPATH_SEARCH_PATHS = (
					"$(inherited)",
					"@executable_path/Frameworks",
				);
				MARKETING_VERSION = 1.0;
				PRODUCT_BUNDLE_IDENTIFIER = com.nje.StudyHub;
				PRODUCT_NAME = "$(TARGET_NAME)";
				SWIFT_EMIT_LOC_STRINGS = YES;
				SWIFT_VERSION = 5.0;
				TARGETED_DEVICE_FAMILY = "1,2";
			};
			name = Debug;
		};
		628A5E3A2E8D44BE00B0019E /* Release */ = {
			isa = XCBuildConfiguration;
			buildSettings = {
				ASSETCATALOG_COMPILER_APPICON_NAME = AppIcon;
				ASSETCATALOG_COMPILER_GLOBAL_ACCENT_COLOR_NAME = AccentColor;
				CODE_SIGN_STYLE = Automatic;
				CURRENT_PROJECT_VERSION = 1;
				DEVELOPMENT_ASSET_PATHS = "\"StudyHub/Preview Content\"";
				DEVELOPMENT_TEAM = B2YY66547G;
				ENABLE_PREVIEWS = YES;
				GENERATE_INFOPLIST_FILE = YES;
				INFOPLIST_FILE = StudyHub/Info.plist;
				INFOPLIST_KEY_LSApplicationCategoryType = "public.app-category.education";
				INFOPLIST_KEY_UIApplicationSceneManifest_Generation = YES;
				INFOPLIST_KEY_UIApplicationSupportsIndirectInputEvents = YES;
				INFOPLIST_KEY_UILaunchScreen_Generation = YES;
				INFOPLIST_KEY_UISupportedInterfaceOrientations_iPad = "UIInterfaceOrientationPortrait UIInterfaceOrientationPortraitUpsideDown UIInterfaceOrientationLandscapeLeft UIInterfaceOrientationLandscapeRight";
				INFOPLIST_KEY_UISupportedInterfaceOrientations_iPhone = "UIInterfaceOrientationPortrait UIInterfaceOrientationLandscapeLeft UIInterfaceOrientationLandscapeRight";
				LD_RUNPATH_SEARCH_PATHS = (
					"$(inherited)",
					"@executable_path/Frameworks",
				);
				MARKETING_VERSION = 1.0;
				PRODUCT_BUNDLE_IDENTIFIER = com.nje.StudyHub;
				PRODUCT_NAME = "$(TARGET_NAME)";
				SWIFT_EMIT_LOC_STRINGS = YES;
				SWIFT_VERSION = 5.0;
				TARGETED_DEVICE_FAMILY = "1,2";
			};
			name = Release;
		};
/* End XCBuildConfiguration section */

/* Begin XCConfigurationList section */
		628A5E202E8D44BC00B0019E /* Build configuration list for PBXProject "StudyHub" */ = {
			isa = XCConfigurationList;
			buildConfigurations = (
				628A5E362E8D44BE00B0019E /* Debug */,
				628A5E372E8D44BE00B0019E /* Release */,
			);
			defaultConfigurationIsVisible = 0;
			defaultConfigurationName = Release;
		};
		628A5E382E8D44BE00B0019E /* Build configuration list for PBXNativeTarget "StudyHub" */ = {
			isa = XCConfigurationList;
			buildConfigurations = (
				628A5E392E8D44BE00B0019E /* Debug */,
				628A5E3A2E8D44BE00B0019E /* Release */,
			);
			defaultConfigurationIsVisible = 0;
			defaultConfigurationName = Release;
		};
/* End XCConfigurationList section */

/* Begin XCRemoteSwiftPackageReference section */
		622FC29B2ECFB06D00933877 /* XCRemoteSwiftPackageReference "firebase-ios-sdk" */ = {
			isa = XCRemoteSwiftPackageReference;
			repositoryURL = "https://github.com/firebase/firebase-ios-sdk";
			requirement = {
				kind = upToNextMajorVersion;
				minimumVersion = 12.6.0;
			};
		};
		6251ED1A2EE19EAD0010D7CA /* XCRemoteSwiftPackageReference "GoogleSignIn-iOS" */ = {
			isa = XCRemoteSwiftPackageReference;
			repositoryURL = "https://github.com/google/GoogleSignIn-iOS";
			requirement = {
				kind = upToNextMajorVersion;
				minimumVersion = 9.0.0;
			};
		};
/* End XCRemoteSwiftPackageReference section */

/* Begin XCSwiftPackageProductDependency section */
		6251ECE82EE19DDF0010D7CA /* FirebaseAI */ = {
			isa = XCSwiftPackageProductDependency;
			package = 622FC29B2ECFB06D00933877 /* XCRemoteSwiftPackageReference "firebase-ios-sdk" */;
			productName = FirebaseAI;
		};
		6251ECEA2EE19DDF0010D7CA /* FirebaseAILogic */ = {
			isa = XCSwiftPackageProductDependency;
			package = 622FC29B2ECFB06D00933877 /* XCRemoteSwiftPackageReference "firebase-ios-sdk" */;
			productName = FirebaseAILogic;
		};
		6251ECEC2EE19DDF0010D7CA /* FirebaseAnalytics */ = {
			isa = XCSwiftPackageProductDependency;
			package = 622FC29B2ECFB06D00933877 /* XCRemoteSwiftPackageReference "firebase-ios-sdk" */;
			productName = FirebaseAnalytics;
		};
		6251ECEE2EE19DDF0010D7CA /* FirebaseAnalyticsCore */ = {
			isa = XCSwiftPackageProductDependency;
			package = 622FC29B2ECFB06D00933877 /* XCRemoteSwiftPackageReference "firebase-ios-sdk" */;
			productName = FirebaseAnalyticsCore;
		};
		6251ECF02EE19DDF0010D7CA /* FirebaseAnalyticsIdentitySupport */ = {
			isa = XCSwiftPackageProductDependency;
			package = 622FC29B2ECFB06D00933877 /* XCRemoteSwiftPackageReference "firebase-ios-sdk" */;
			productName = FirebaseAnalyticsIdentitySupport;
		};
		6251ECF22EE19DDF0010D7CA /* FirebaseAppCheck */ = {
			isa = XCSwiftPackageProductDependency;
			package = 622FC29B2ECFB06D00933877 /* XCRemoteSwiftPackageReference "firebase-ios-sdk" */;
			productName = FirebaseAppCheck;
		};
		6251ECF42EE19DDF0010D7CA /* FirebaseAppDistribution-Beta */ = {
			isa = XCSwiftPackageProductDependency;
			package = 622FC29B2ECFB06D00933877 /* XCRemoteSwiftPackageReference "firebase-ios-sdk" */;
			productName = "FirebaseAppDistribution-Beta";
		};
		6251ECF62EE19DDF0010D7CA /* FirebaseAuth */ = {
			isa = XCSwiftPackageProductDependency;
			package = 622FC29B2ECFB06D00933877 /* XCRemoteSwiftPackageReference "firebase-ios-sdk" */;
			productName = FirebaseAuth;
		};
		6251ECF82EE19DDF0010D7CA /* FirebaseAuthCombine-Community */ = {
			isa = XCSwiftPackageProductDependency;
			package = 622FC29B2ECFB06D00933877 /* XCRemoteSwiftPackageReference "firebase-ios-sdk" */;
			productName = "FirebaseAuthCombine-Community";
		};
		6251ECFA2EE19DDF0010D7CA /* FirebaseCore */ = {
			isa = XCSwiftPackageProductDependency;
			package = 622FC29B2ECFB06D00933877 /* XCRemoteSwiftPackageReference "firebase-ios-sdk" */;
			productName = FirebaseCore;
		};
		6251ECFC2EE19DDF0010D7CA /* FirebaseCrashlytics */ = {
			isa = XCSwiftPackageProductDependency;
			package = 622FC29B2ECFB06D00933877 /* XCRemoteSwiftPackageReference "firebase-ios-sdk" */;
			productName = FirebaseCrashlytics;
		};
		6251ECFE2EE19DDF0010D7CA /* FirebaseDatabase */ = {
			isa = XCSwiftPackageProductDependency;
			package = 622FC29B2ECFB06D00933877 /* XCRemoteSwiftPackageReference "firebase-ios-sdk" */;
			productName = FirebaseDatabase;
		};
		6251ED002EE19DDF0010D7CA /* FirebaseFirestore */ = {
			isa = XCSwiftPackageProductDependency;
			package = 622FC29B2ECFB06D00933877 /* XCRemoteSwiftPackageReference "firebase-ios-sdk" */;
			productName = FirebaseFirestore;
		};
		6251ED022EE19DDF0010D7CA /* FirebaseFirestoreCombine-Community */ = {
			isa = XCSwiftPackageProductDependency;
			package = 622FC29B2ECFB06D00933877 /* XCRemoteSwiftPackageReference "firebase-ios-sdk" */;
			productName = "FirebaseFirestoreCombine-Community";
		};
		6251ED042EE19DDF0010D7CA /* FirebaseFunctions */ = {
			isa = XCSwiftPackageProductDependency;
			package = 622FC29B2ECFB06D00933877 /* XCRemoteSwiftPackageReference "firebase-ios-sdk" */;
			productName = FirebaseFunctions;
		};
		6251ED062EE19DDF0010D7CA /* FirebaseFunctionsCombine-Community */ = {
			isa = XCSwiftPackageProductDependency;
			package = 622FC29B2ECFB06D00933877 /* XCRemoteSwiftPackageReference "firebase-ios-sdk" */;
			productName = "FirebaseFunctionsCombine-Community";
		};
		6251ED082EE19DDF0010D7CA /* FirebaseInAppMessaging-Beta */ = {
			isa = XCSwiftPackageProductDependency;
			package = 622FC29B2ECFB06D00933877 /* XCRemoteSwiftPackageReference "firebase-ios-sdk" */;
			productName = "FirebaseInAppMessaging-Beta";
		};
		6251ED0A2EE19DDF0010D7CA /* FirebaseInstallations */ = {
			isa = XCSwiftPackageProductDependency;
			package = 622FC29B2ECFB06D00933877 /* XCRemoteSwiftPackageReference "firebase-ios-sdk" */;
			productName = FirebaseInstallations;
		};
		6251ED0C2EE19DDF0010D7CA /* FirebaseMLModelDownloader */ = {
			isa = XCSwiftPackageProductDependency;
			package = 622FC29B2ECFB06D00933877 /* XCRemoteSwiftPackageReference "firebase-ios-sdk" */;
			productName = FirebaseMLModelDownloader;
		};
		6251ED0E2EE19DDF0010D7CA /* FirebaseMessaging */ = {
			isa = XCSwiftPackageProductDependency;
			package = 622FC29B2ECFB06D00933877 /* XCRemoteSwiftPackageReference "firebase-ios-sdk" */;
			productName = FirebaseMessaging;
		};
		6251ED102EE19DDF0010D7CA /* FirebasePerformance */ = {
			isa = XCSwiftPackageProductDependency;
			package = 622FC29B2ECFB06D00933877 /* XCRemoteSwiftPackageReference "firebase-ios-sdk" */;
			productName = FirebasePerformance;
		};
		6251ED122EE19DDF0010D7CA /* FirebaseRemoteConfig */ = {
			isa = XCSwiftPackageProductDependency;
			package = 622FC29B2ECFB06D00933877 /* XCRemoteSwiftPackageReference "firebase-ios-sdk" */;
			productName = FirebaseRemoteConfig;
		};
		6251ED142EE19DDF0010D7CA /* FirebaseStorage */ = {
			isa = XCSwiftPackageProductDependency;
			package = 622FC29B2ECFB06D00933877 /* XCRemoteSwiftPackageReference "firebase-ios-sdk" */;
			productName = FirebaseStorage;
		};
		6251ED162EE19DDF0010D7CA /* FirebaseStorageCombine-Community */ = {
			isa = XCSwiftPackageProductDependency;
			package = 622FC29B2ECFB06D00933877 /* XCRemoteSwiftPackageReference "firebase-ios-sdk" */;
			productName = "FirebaseStorageCombine-Community";
		};
		6251ED1B2EE19EAD0010D7CA /* GoogleSignIn */ = {
			isa = XCSwiftPackageProductDependency;
			package = 6251ED1A2EE19EAD0010D7CA /* XCRemoteSwiftPackageReference "GoogleSignIn-iOS" */;
			productName = GoogleSignIn;
		};
		6251ED1D2EE19EAD0010D7CA /* GoogleSignInSwift */ = {
			isa = XCSwiftPackageProductDependency;
			package = 6251ED1A2EE19EAD0010D7CA /* XCRemoteSwiftPackageReference "GoogleSignIn-iOS" */;
			productName = GoogleSignInSwift;
		};
/* End XCSwiftPackageProductDependency section */
	};
	rootObject = 628A5E1D2E8D44BC00B0019E /* Project object */;
}
